
Microsoft Visual Studio Solution File, Format Version 12.00
# Visual Studio Version 16
VisualStudioVersion = 16.0.31129.286
MinimumVisualStudioVersion = 10.0.40219.1
Project("{FAE04EC0-301F-11D3-BF4B-00C04F79EFBC}") = "MYMVCALLEXAMPLES", "MYMVCALLEXAMPLES.csproj", "{C90CC91D-18A9-4458-BAF6-AB61982CA3BF}"
EndProject
Project("{2150E333-8FDC-42A3-9474-1A3956D46DE8}") = "Solution Items", "Solution Items", "{D0E5B6CC-0184-470F-85E9-C81EF6D4B1DC}"
	ProjectSection(SolutionItems) = preProject
		.editorconfig = .editorconfig
		Dockerfile.txt = Dockerfile.txt
	EndProjectSection
EndProject
Global
	GlobalSection(SolutionConfigurationPlatforms) = preSolution
		Debug|Any CPU = Debug|Any CPU
		Release|Any CPU = Release|Any CPU
	EndGlobalSection
	GlobalSection(ProjectConfigurationPlatforms) = postSolution
		{C90CC91D-18A9-4458-BAF6-AB61982CA3BF}.Debug|Any CPU.ActiveCfg = Debug|Any CPU
		{C90CC91D-18A9-4458-BAF6-AB61982CA3BF}.Debug|Any CPU.Build.0 = Debug|Any CPU
		{C90CC91D-18A9-4458-BAF6-AB61982CA3BF}.Release|Any CPU.ActiveCfg = Release|Any CPU
		{C90CC91D-18A9-4458-BAF6-AB61982CA3BF}.Release|Any CPU.Build.0 = Release|Any CPU
	EndGlobalSection
	GlobalSection(SolutionProperties) = preSolution
		HideSolutionNode = FALSE
	EndGlobalSection
	GlobalSection(ExtensibilityGlobals) = postSolution
		SolutionGuid = {26881F94-3661-40F9-9283-028C137DDB11}
	EndGlobalSection
EndGlobal
